// !$*UTF8*$!
{
	archiveVersion = 1;
	classes = {
	};
	objectVersion = 56;
	objects = {

/* Begin PBXBuildFile section */
		A10000001 /* PunkIOApp.swift in Sources */ = {isa = PBXBuildFile; fileRef = A20000001; };
		A10000002 /* ViralContent.swift in Sources */ = {isa = PBXBuildFile; fileRef = A20000002; };
		A10000003 /* ViralContentService.swift in Sources */ = {isa = PBXBuildFile; fileRef = A20000003; };
		A10000004 /* ContentViewModel.swift in Sources */ = {isa = PBXBuildFile; fileRef = A20000004; };
		A10000005 /* FeedView.swift in Sources */ = {isa = PBXBuildFile; fileRef = A20000005; };
		A10000006 /* ContentDetailView.swift in Sources */ = {isa = PBXBuildFile; fileRef = A20000006; };
		A10000007 /* CloneSheetView.swift in Sources */ = {isa = PBXBuildFile; fileRef = A20000007; };
		A10000008 /* ViralContentCard.swift in Sources */ = {isa = PBXBuildFile; fileRef = A20000008; };
		A10000009 /* PlatformFilterBar.swift in Sources */ = {isa = PBXBuildFile; fileRef = A20000009; };
		A10000010 /* ProfileCard.swift in Sources */ = {isa = PBXBuildFile; fileRef = A20000010; };
		A10000011 /* ProfilesListView.swift in Sources */ = {isa = PBXBuildFile; fileRef = A20000011; };
		A10000012 /* DiscoverView.swift in Sources */ = {isa = PBXBuildFile; fileRef = A20000012; };
		A10000013 /* SavedView.swift in Sources */ = {isa = PBXBuildFile; fileRef = A20000013; };
		A10000014 /* Assets.xcassets in Resources */ = {isa = PBXBuildFile; fileRef = A20000014; };
/* End PBXBuildFile section */

/* Begin PBXFileReference section */
		A20000001 /* PunkIOApp.swift */ = {isa = PBXFileReference; lastKnownFileType = sourcecode.swift; path = PunkIOApp.swift; sourceTree = "<group>"; };
		A20000002 /* ViralContent.swift */ = {isa = PBXFileReference; lastKnownFileType = sourcecode.swift; path = ViralContent.swift; sourceTree = "<group>"; };
		A20000003 /* ViralContentService.swift */ = {isa = PBXFileReference; lastKnownFileType = sourcecode.swift; path = ViralContentService.swift; sourceTree = "<group>"; };
		A20000004 /* ContentViewModel.swift */ = {isa = PBXFileReference; lastKnownFileType = sourcecode.swift; path = ContentViewModel.swift; sourceTree = "<group>"; };
		A20000005 /* FeedView.swift */ = {isa = PBXFileReference; lastKnownFileType = sourcecode.swift; path = FeedView.swift; sourceTree = "<group>"; };
		A20000006 /* ContentDetailView.swift */ = {isa = PBXFileReference; lastKnownFileType = sourcecode.swift; path = ContentDetailView.swift; sourceTree = "<group>"; };
		A20000007 /* CloneSheetView.swift */ = {isa = PBXFileReference; lastKnownFileType = sourcecode.swift; path = CloneSheetView.swift; sourceTree = "<group>"; };
		A20000008 /* ViralContentCard.swift */ = {isa = PBXFileReference; lastKnownFileType = sourcecode.swift; path = ViralContentCard.swift; sourceTree = "<group>"; };
		A20000009 /* PlatformFilterBar.swift */ = {isa = PBXFileReference; lastKnownFileType = sourcecode.swift; path = PlatformFilterBar.swift; sourceTree = "<group>"; };
		A20000010 /* ProfileCard.swift */ = {isa = PBXFileReference; lastKnownFileType = sourcecode.swift; path = ProfileCard.swift; sourceTree = "<group>"; };
		A20000011 /* ProfilesListView.swift */ = {isa = PBXFileReference; lastKnownFileType = sourcecode.swift; path = ProfilesListView.swift; sourceTree = "<group>"; };
		A20000012 /* DiscoverView.swift */ = {isa = PBXFileReference; lastKnownFileType = sourcecode.swift; path = DiscoverView.swift; sourceTree = "<group>"; };
		A20000013 /* SavedView.swift */ = {isa = PBXFileReference; lastKnownFileType = sourcecode.swift; path = SavedView.swift; sourceTree = "<group>"; };
		A20000014 /* Assets.xcassets */ = {isa = PBXFileReference; lastKnownFileType = folder.assetcatalog; path = Assets.xcassets; sourceTree = "<group>"; };
		A30000001 /* PunkIO.app */ = {isa = PBXFileReference; explicitFileType = wrapper.application; includeInIndex = 0; path = PunkIO.app; sourceTree = BUILT_PRODUCTS_DIR; };
/* End PBXFileReference section */

/* Begin PBXFrameworksBuildPhase section */
		A40000001 /* Frameworks */ = {
			isa = PBXFrameworksBuildPhase;
			buildActionMask = 2147483647;
			files = (
			);
			runOnlyForDeploymentPostprocessing = 0;
		};
/* End PBXFrameworksBuildPhase section */

/* Begin PBXGroup section */
		A50000001 = {
			isa = PBXGroup;
			children = (
				A50000002 /* PunkIO */,
				A50000007 /* Products */,
			);
			sourceTree = "<group>";
		};
		A50000002 /* PunkIO */ = {
			isa = PBXGroup;
			children = (
				A20000001 /* PunkIOApp.swift */,
				A50000003 /* Models */,
				A50000004 /* Views */,
				A50000005 /* ViewModels */,
				A50000006 /* Services */,
				A20000014 /* Assets.xcassets */,
			);
			path = PunkIO;
			sourceTree = "<group>";
		};
		A50000003 /* Models */ = {
			isa = PBXGroup;
			children = (
				A20000002 /* ViralContent.swift */,
			);
			path = Models;
			sourceTree = "<group>";
		};
		A50000004 /* Views */ = {
			isa = PBXGroup;
			children = (
				A20000005 /* FeedView.swift */,
				A20000006 /* ContentDetailView.swift */,
				A20000007 /* CloneSheetView.swift */,
				A20000011 /* ProfilesListView.swift */,
				A20000012 /* DiscoverView.swift */,
				A20000013 /* SavedView.swift */,
				A50000008 /* Components */,
			);
			path = Views;
			sourceTree = "<group>";
		};
		A50000005 /* ViewModels */ = {
			isa = PBXGroup;
			children = (
				A20000004 /* ContentViewModel.swift */,
			);
			path = ViewModels;
			sourceTree = "<group>";
		};
		A50000006 /* Services */ = {
			isa = PBXGroup;
			children = (
				A20000003 /* ViralContentService.swift */,
			);
			path = Services;
			sourceTree = "<group>";
		};
		A50000007 /* Products */ = {
			isa = PBXGroup;
			children = (
				A30000001 /* PunkIO.app */,
			);
			name = Products;
			sourceTree = "<group>";
		};
		A50000008 /* Components */ = {
			isa = PBXGroup;
			children = (
				A20000008 /* ViralContentCard.swift */,
				A20000009 /* PlatformFilterBar.swift */,
				A20000010 /* ProfileCard.swift */,
			);
			path = Components;
			sourceTree = "<group>";
		};
/* End PBXGroup section */

/* Begin PBXNativeTarget section */
		A60000001 /* PunkIO */ = {
			isa = PBXNativeTarget;
			buildConfigurationList = A80000001 /* Build configuration list for PBXNativeTarget "PunkIO" */;
			buildPhases = (
				A70000001 /* Sources */,
				A40000001 /* Frameworks */,
				A70000002 /* Resources */,
			);
			buildRules = (
			);
			dependencies = (
			);
			name = PunkIO;
			productName = PunkIO;
			productReference = A30000001 /* PunkIO.app */;
			productType = "com.apple.product-type.application";
		};
/* End PBXNativeTarget section */

/* Begin PBXProject section */
		A90000001 /* Project object */ = {
			isa = PBXProject;
			attributes = {
				BuildIndependentTargetsInParallel = 1;
				LastSwiftUpdateCheck = 1500;
				LastUpgradeCheck = 1500;
				TargetAttributes = {
					A60000001 = {
						CreatedOnToolsVersion = 15.0;
					};
				};
			};
			buildConfigurationList = A80000003 /* Build configuration list for PBXProject "PunkIO" */;
			compatibilityVersion = "Xcode 14.0";
			developmentRegion = "pt-BR";
			hasScannedForEncodings = 0;
			knownRegions = (
				en,
				"pt-BR",
			);
			mainGroup = A50000001;
			productRefGroup = A50000007 /* Products */;
			projectDirPath = "";
			projectRoot = "";
			targets = (
				A60000001 /* PunkIO */,
			);
		};
/* End PBXProject section */

/* Begin PBXResourcesBuildPhase section */
		A70000002 /* Resources */ = {
			isa = PBXResourcesBuildPhase;
			buildActionMask = 2147483647;
			files = (
				A10000014 /* Assets.xcassets in Resources */,
			);
			runOnlyForDeploymentPostprocessing = 0;
		};
/* End PBXResourcesBuildPhase section */

/* Begin PBXSourcesBuildPhase section */
		A70000001 /* Sources */ = {
			isa = PBXSourcesBuildPhase;
			buildActionMask = 2147483647;
			files = (
				A10000001 /* PunkIOApp.swift in Sources */,
				A10000002 /* ViralContent.swift in Sources */,
				A10000003 /* ViralContentService.swift in Sources */,
				A10000004 /* ContentViewModel.swift in Sources */,
				A10000005 /* FeedView.swift in Sources */,
				A10000006 /* ContentDetailView.swift in Sources */,
				A10000007 /* CloneSheetView.swift in Sources */,
				A10000008 /* ViralContentCard.swift in Sources */,
				A10000009 /* PlatformFilterBar.swift in Sources */,
				A10000010 /* ProfileCard.swift in Sources */,
				A10000011 /* ProfilesListView.swift in Sources */,
				A10000012 /* DiscoverView.swift in Sources */,
				A10000013 /* SavedView.swift in Sources */,
			);
			runOnlyForDeploymentPostprocessing = 0;
		};
/* End PBXSourcesBuildPhase section */

/* Begin XCBuildConfiguration section */
		B10000001 /* Debug */ = {
			isa = XCBuildConfiguration;
			buildSettings = {
				ALWAYS_SEARCH_USER_PATHS = NO;
				ASSETCATALOG_COMPILER_GENERATE_SWIFT_ASSET_SYMBOL_EXTENSIONS = YES;
				CLANG_ANALYZER_NONNULL = YES;
				CLANG_CXX_LANGUAGE_STANDARD = "gnu++20";
				CLANG_ENABLE_MODULES = YES;
				CLANG_ENABLE_OBJC_ARC = YES;
				COPY_PHASE_STRIP = NO;
				DEBUG_INFORMATION_FORMAT = dwarf;
				ENABLE_STRICT_OBJC_MSGSEND = YES;
				ENABLE_TESTABILITY = YES;
				GCC_DYNAMIC_NO_PIC = NO;
				GCC_OPTIMIZATION_LEVEL = 0;
				GCC_PREPROCESSOR_DEFINITIONS = (
					"DEBUG=1",
					"$(inherited)",
				);
				IPHONEOS_DEPLOYMENT_TARGET = 17.0;
				MTL_ENABLE_DEBUG_INFO = INCLUDE_SOURCE;
				ONLY_ACTIVE_ARCH = YES;
				SDKROOT = iphoneos;
				SWIFT_ACTIVE_COMPILATION_CONDITIONS = "DEBUG $(inherited)";
				SWIFT_OPTIMIZATION_LEVEL = "-Onone";
			};
			name = Debug;
		};
		B10000002 /* Release */ = {
			isa = XCBuildConfiguration;
			buildSettings = {
				ALWAYS_SEARCH_USER_PATHS = NO;
				ASSETCATALOG_COMPILER_GENERATE_SWIFT_ASSET_SYMBOL_EXTENSIONS = YES;
				CLANG_ANALYZER_NONNULL = YES;
				CLANG_CXX_LANGUAGE_STANDARD = "gnu++20";
				CLANG_ENABLE_MODULES = YES;
				CLANG_ENABLE_OBJC_ARC = YES;
				COPY_PHASE_STRIP = NO;
				DEBUG_INFORMATION_FORMAT = "dwarf-with-dsym";
				ENABLE_NS_ASSERTIONS = NO;
				ENABLE_STRICT_OBJC_MSGSEND = YES;
				GCC_OPTIMIZATION_LEVEL = s;
				IPHONEOS_DEPLOYMENT_TARGET = 17.0;
				MTL_ENABLE_DEBUG_INFO = NO;
				SDKROOT = iphoneos;
				SWIFT_COMPILATION_MODE = wholemodule;
				VALIDATE_PRODUCT = YES;
			};
			name = Release;
		};
		B10000003 /* Debug */ = {
			isa = XCBuildConfiguration;
			buildSettings = {
				ASSETCATALOG_COMPILER_APPICON_NAME = AppIcon;
				ASSETCATALOG_COMPILER_GLOBAL_ACCENT_COLOR_NAME = AccentColor;
				CODE_SIGN_STYLE = Automatic;
				CURRENT_PROJECT_VERSION = 1;
				DEVELOPMENT_TEAM = "";
				GENERATE_INFOPLIST_FILE = YES;
				INFOPLIST_KEY_CFBundleDisplayName = "Punk.io";
				INFOPLIST_KEY_UIApplicationSceneManifest_Generation = YES;
				INFOPLIST_KEY_UIApplicationSupportsIndirectInputEvents = YES;
				INFOPLIST_KEY_UILaunchScreen_Generation = YES;
				INFOPLIST_KEY_UISupportedInterfaceOrientations_iPad = "UIInterfaceOrientationPortrait UIInterfaceOrientationPortraitUpsideDown UIInterfaceOrientationLandscapeLeft UIInterfaceOrientationLandscapeRight";
				INFOPLIST_KEY_UISupportedInterfaceOrientations_iPhone = "UIInterfaceOrientationPortrait UIInterfaceOrientationLandscapeLeft UIInterfaceOrientationLandscapeRight";
				IPHONEOS_DEPLOYMENT_TARGET = 17.0;
				LD_RUNPATH_SEARCH_PATHS = (
					"$(inherited)",
					"@executable_path/Frameworks",
				);
				MARKETING_VERSION = 1.0;
				PRODUCT_BUNDLE_IDENTIFIER = com.punkio.app;
				PRODUCT_NAME = "$(TARGET_NAME)";
				SUPPORTED_PLATFORMS = "iphoneos iphonesimulator";
				SUPPORTS_MACCATALYST = NO;
				SWIFT_EMIT_LOC_STRINGS = YES;
				SWIFT_VERSION = 5.9;
				TARGETED_DEVICE_FAMILY = "1,2";
			};
			name = Debug;
		};
		B10000004 /* Release */ = {
			isa = XCBuildConfiguration;
			buildSettings = {
				ASSETCATALOG_COMPILER_APPICON_NAME = AppIcon;
				ASSETCATALOG_COMPILER_GLOBAL_ACCENT_COLOR_NAME = AccentColor;
				CODE_SIGN_STYLE = Automatic;
				CURRENT_PROJECT_VERSION = 1;
				DEVELOPMENT_TEAM = "";
				GENERATE_INFOPLIST_FILE = YES;
				INFOPLIST_KEY_CFBundleDisplayName = "Punk.io";
				INFOPLIST_KEY_UIApplicationSceneManifest_Generation = YES;
				INFOPLIST_KEY_UIApplicationSupportsIndirectInputEvents = YES;
				INFOPLIST_KEY_UILaunchScreen_Generation = YES;
				INFOPLIST_KEY_UISupportedInterfaceOrientations_iPad = "UIInterfaceOrientationPortrait UIInterfaceOrientationPortraitUpsideDown UIInterfaceOrientationLandscapeLeft UIInterfaceOrientationLandscapeRight";
				INFOPLIST_KEY_UISupportedInterfaceOrientations_iPhone = "UIInterfaceOrientationPortrait UIInterfaceOrientationLandscapeLeft UIInterfaceOrientationLandscapeRight";
				IPHONEOS_DEPLOYMENT_TARGET = 17.0;
				LD_RUNPATH_SEARCH_PATHS = (
					"$(inherited)",
					"@executable_path/Frameworks",
				);
				MARKETING_VERSION = 1.0;
				PRODUCT_BUNDLE_IDENTIFIER = com.punkio.app;
				PRODUCT_NAME = "$(TARGET_NAME)";
				SUPPORTED_PLATFORMS = "iphoneos iphonesimulator";
				SUPPORTS_MACCATALYST = NO;
				SWIFT_EMIT_LOC_STRINGS = YES;
				SWIFT_VERSION = 5.9;
				TARGETED_DEVICE_FAMILY = "1,2";
			};
			name = Release;
		};
/* End XCBuildConfiguration section */

/* Begin XCConfigurationList section */
		A80000001 /* Build configuration list for PBXNativeTarget "PunkIO" */ = {
			isa = XCConfigurationList;
			buildConfigurations = (
				B10000003 /* Debug */,
				B10000004 /* Release */,
			);
			defaultConfigurationIsVisible = 0;
			defaultConfigurationName = Release;
		};
		A80000003 /* Build configuration list for PBXProject "PunkIO" */ = {
			isa = XCConfigurationList;
			buildConfigurations = (
				B10000001 /* Debug */,
				B10000002 /* Release */,
			);
			defaultConfigurationIsVisible = 0;
			defaultConfigurationName = Release;
		};
/* End XCConfigurationList section */
	};
	rootObject = A90000001 /* Project object */;
}
